// !$*UTF8*$!
{
	archiveVersion = 1;
	classes = {
	};
	objectVersion = 50;
	objects = {

/* Begin PBXBuildFile section */
		1F39EFF9236D73540090D611 /* AppDelegate.swift in Sources */ = {isa = PBXBuildFile; fileRef = 1F39EFF8236D73540090D611 /* AppDelegate.swift */; };
		1F39EFFB236D73540090D611 /* SceneDelegate.swift in Sources */ = {isa = PBXBuildFile; fileRef = 1F39EFFA236D73540090D611 /* SceneDelegate.swift */; };
		1F39EFFD236D73540090D611 /* ViewController.swift in Sources */ = {isa = PBXBuildFile; fileRef = 1F39EFFC236D73540090D611 /* ViewController.swift */; };
		1F39F000236D73540090D611 /* Main.storyboard in Resources */ = {isa = PBXBuildFile; fileRef = 1F39EFFE236D73540090D611 /* Main.storyboard */; };
		1F39F002236D73570090D611 /* Assets.xcassets in Resources */ = {isa = PBXBuildFile; fileRef = 1F39F001236D73570090D611 /* Assets.xcassets */; };
		1F39F005236D73570090D611 /* LaunchScreen.storyboard in Resources */ = {isa = PBXBuildFile; fileRef = 1F39F003236D73570090D611 /* LaunchScreen.storyboard */; };
/* End PBXBuildFile section */

/* Begin PBXFileReference section */
		1F39EFF5236D73540090D611 /* Geppetto-Example.app */ = {isa = PBXFileReference; explicitFileType = wrapper.application; includeInIndex = 0; path = "Geppetto-Example.app"; sourceTree = BUILT_PRODUCTS_DIR; };
		1F39EFF8236D73540090D611 /* AppDelegate.swift */ = {isa = PBXFileReference; lastKnownFileType = sourcecode.swift; path = AppDelegate.swift; sourceTree = "<group>"; };
		1F39EFFA236D73540090D611 /* SceneDelegate.swift */ = {isa = PBXFileReference; lastKnownFileType = sourcecode.swift; path = SceneDelegate.swift; sourceTree = "<group>"; };
		1F39EFFC236D73540090D611 /* ViewController.swift */ = {isa = PBXFileReference; lastKnownFileType = sourcecode.swift; path = ViewController.swift; sourceTree = "<group>"; };
		1F39EFFF236D73540090D611 /* Base */ = {isa = PBXFileReference; lastKnownFileType = file.storyboard; name = Base; path = Base.lproj/Main.storyboard; sourceTree = "<group>"; };
		1F39F001236D73570090D611 /* Assets.xcassets */ = {isa = PBXFileReference; lastKnownFileType = folder.assetcatalog; path = Assets.xcassets; sourceTree = "<group>"; };
		1F39F004236D73570090D611 /* Base */ = {isa = PBXFileReference; lastKnownFileType = file.storyboard; name = Base; path = Base.lproj/LaunchScreen.storyboard; sourceTree = "<group>"; };
		1F39F006236D73570090D611 /* Info.plist */ = {isa = PBXFileReference; lastKnownFileType = text.plist.xml; path = Info.plist; sourceTree = "<group>"; };
/* End PBXFileReference section */

/* Begin PBXFrameworksBuildPhase section */
		1F39EFF2236D73540090D611 /* Frameworks */ = {
			isa = PBXFrameworksBuildPhase;
			buildActionMask = 2147483647;
			files = (
			);
			runOnlyForDeploymentPostprocessing = 0;
		};
/* End PBXFrameworksBuildPhase section */

/* Begin PBXGroup section */
		1F39EFEC236D73540090D611 = {
			isa = PBXGroup;
			children = (
				1F39EFF7236D73540090D611 /* Geppetto-Example */,
				1F39EFF6236D73540090D611 /* Products */,
			);
			sourceTree = "<group>";
		};
		1F39EFF6236D73540090D611 /* Products */ = {
			isa = PBXGroup;
			children = (
				1F39EFF5236D73540090D611 /* Geppetto-Example.app */,
			);
			name = Products;
			sourceTree = "<group>";
		};
		1F39EFF7236D73540090D611 /* Geppetto-Example */ = {
			isa = PBXGroup;
			children = (
				1F39EFF8236D73540090D611 /* AppDelegate.swift */,
				1F39EFFA236D73540090D611 /* SceneDelegate.swift */,
				1F39EFFC236D73540090D611 /* ViewController.swift */,
				1F39EFFE236D73540090D611 /* Main.storyboard */,
				1F39F001236D73570090D611 /* Assets.xcassets */,
				1F39F003236D73570090D611 /* LaunchScreen.storyboard */,
				1F39F006236D73570090D611 /* Info.plist */,
			);
			path = "Geppetto-Example";
			sourceTree = "<group>";
		};
/* End PBXGroup section */

/* Begin PBXNativeTarget section */
		1F39EFF4236D73540090D611 /* Geppetto-Example */ = {
			isa = PBXNativeTarget;
			buildConfigurationList = 1F39F009236D73570090D611 /* Build configuration list for PBXNativeTarget "Geppetto-Example" */;
			buildPhases = (
				1F39EFF1236D73540090D611 /* Sources */,
				1F39EFF2236D73540090D611 /* Frameworks */,
				1F39EFF3236D73540090D611 /* Resources */,
			);
			buildRules = (
			);
			dependencies = (
			);
			name = "Geppetto-Example";
			productName = "Geppetto-Example";
			productReference = 1F39EFF5236D73540090D611 /* Geppetto-Example.app */;
			productType = "com.apple.product-type.application";
		};
/* End PBXNativeTarget section */

/* Begin PBXProject section */
		1F39EFED236D73540090D611 /* Project object */ = {
			isa = PBXProject;
			attributes = {
				LastSwiftUpdateCheck = 1110;
				LastUpgradeCheck = 1110;
				ORGANIZATIONNAME = Geppetto;
				TargetAttributes = {
					1F39EFF4236D73540090D611 = {
						CreatedOnToolsVersion = 11.1;
					};
				};
			};
			buildConfigurationList = 1F39EFF0236D73540090D611 /* Build configuration list for PBXProject "Geppetto-Example" */;
			compatibilityVersion = "Xcode 9.3";
			developmentRegion = en;
			hasScannedForEncodings = 0;
			knownRegions = (
				en,
				Base,
			);
			mainGroup = 1F39EFEC236D73540090D611;
			productRefGroup = 1F39EFF6236D73540090D611 /* Products */;
			projectDirPath = "";
			projectRoot = "";
			targets = (
				1F39EFF4236D73540090D611 /* Geppetto-Example */,
			);
		};
/* End PBXProject section */

/* Begin PBXResourcesBuildPhase section */
		1F39EFF3236D73540090D611 /* Resources */ = {
			isa = PBXResourcesBuildPhase;
			buildActionMask = 2147483647;
			files = (
				1F39F005236D73570090D611 /* LaunchScreen.storyboard in Resources */,
				1F39F002236D73570090D611 /* Assets.xcassets in Resources */,
				1F39F000236D73540090D611 /* Main.storyboard in Resources */,
			);
			runOnlyForDeploymentPostprocessing = 0;
		};
/* End PBXResourcesBuildPhase section */

/* Begin PBXSourcesBuildPhase section */
		1F39EFF1236D73540090D611 /* Sources */ = {
			isa = PBXSourcesBuildPhase;
			buildActionMask = 2147483647;
			files = (
				1F39EFFD236D73540090D611 /* ViewController.swift in Sources */,
				1F39EFF9236D73540090D611 /* AppDelegate.swift in Sources */,
				1F39EFFB236D73540090D611 /* SceneDelegate.swift in Sources */,
			);
			runOnlyForDeploymentPostprocessing = 0;
		};
/* End PBXSourcesBuildPhase section */

/* Begin PBXVariantGroup section */
		1F39EFFE236D73540090D611 /* Main.storyboard */ = {
			isa = PBXVariantGroup;
			children = (
				1F39EFFF236D73540090D611 /* Base */,
			);
			name = Main.storyboard;
			sourceTree = "<group>";
		};
		1F39F003236D73570090D611 /* LaunchScreen.storyboard */ = {
			isa = PBXVariantGroup;
			children = (
				1F39F004236D73570090D611 /* Base */,
			);
			name = LaunchScreen.storyboard;
			sourceTree = "<group>";
		};
/* End PBXVariantGroup section */

/* Begin XCBuildConfiguration section */
		1F39F007236D73570090D611 /* Debug */ = {
			isa = XCBuildConfiguration;
			buildSettings = {
				ALWAYS_SEARCH_USER_PATHS = NO;
				CLANG_ANALYZER_NONNULL = YES;
				CLANG_ANALYZER_NUMBER_OBJECT_CONVERSION = YES_AGGRESSIVE;
				CLANG_CXX_LANGUAGE_STANDARD = "gnu++14";
				CLANG_CXX_LIBRARY = "libc++";
				CLANG_ENABLE_MODULES = YES;
				CLANG_ENABLE_OBJC_ARC = YES;
				CLANG_ENABLE_OBJC_WEAK = YES;
				CLANG_WARN_BLOCK_CAPTURE_AUTORELEASING = YES;
				CLANG_WARN_BOOL_CONVERSION = YES;
				CLANG_WARN_COMMA = YES;
				CLANG_WARN_CONSTANT_CONVERSION = YES;
				CLANG_WARN_DEPRECATED_OBJC_IMPLEMENTATIONS = YES;
				CLANG_WARN_DIRECT_OBJC_ISA_USAGE = YES_ERROR;
				CLANG_WARN_DOCUMENTATION_COMMENTS = YES;
				CLANG_WARN_EMPTY_BODY = YES;
				CLANG_WARN_ENUM_CONVERSION = YES;
				CLANG_WARN_INFINITE_RECURSION = YES;
				CLANG_WARN_INT_CONVERSION = YES;
				CLANG_WARN_NON_LITERAL_NULL_CONVERSION = YES;
				CLANG_WARN_OBJC_IMPLICIT_RETAIN_SELF = YES;
				CLANG_WARN_OBJC_LITERAL_CONVERSION = YES;
				CLANG_WARN_OBJC_ROOT_CLASS = YES_ERROR;
				CLANG_WARN_RANGE_LOOP_ANALYSIS = YES;
				CLANG_WARN_STRICT_PROTOTYPES = YES;
				CLANG_WARN_SUSPICIOUS_MOVE = YES;
				CLANG_WARN_UNGUARDED_AVAILABILITY = YES_AGGRESSIVE;
				CLANG_WARN_UNREACHABLE_CODE = YES;
				CLANG_WARN__DUPLICATE_METHOD_MATCH = YES;
				COPY_PHASE_STRIP = NO;
				DEBUG_INFORMATION_FORMAT = dwarf;
				ENABLE_STRICT_OBJC_MSGSEND = YES;
				ENABLE_TESTABILITY = YES;
				GCC_C_LANGUAGE_STANDARD = gnu11;
				GCC_DYNAMIC_NO_PIC = NO;
				GCC_NO_COMMON_BLOCKS = YES;
				GCC_OPTIMIZATION_LEVEL = 0;
				GCC_PREPROCESSOR_DEFINITIONS = (
					"DEBUG=1",
					"$(inherited)",
				);
				GCC_WARN_64_TO_32_BIT_CONVERSION = YES;
				GCC_WARN_ABOUT_RETURN_TYPE = YES_ERROR;
				GCC_WARN_UNDECLARED_SELECTOR = YES;
				GCC_WARN_UNINITIALIZED_AUTOS = YES_AGGRESSIVE;
				GCC_WARN_UNUSED_FUNCTION = YES;
				GCC_WARN_UNUSED_VARIABLE = YES;
				IPHONEOS_DEPLOYMENT_TARGET = 13.1;
				MTL_ENABLE_DEBUG_INFO = INCLUDE_SOURCE;
				MTL_FAST_MATH = YES;
				ONLY_ACTIVE_ARCH = YES;
				SDKROOT = iphoneos;
				SWIFT_ACTIVE_COMPILATION_CONDITIONS = DEBUG;
				SWIFT_OPTIMIZATION_LEVEL = "-Onone";
			};
			name = Debug;
		};
		1F39F008236D73570090D611 /* Release */ = {
			isa = XCBuildConfiguration;
			buildSettings = {
				ALWAYS_SEARCH_USER_PATHS = NO;
				CLANG_ANALYZER_NONNULL = YES;
				CLANG_ANALYZER_NUMBER_OBJECT_CONVERSION = YES_AGGRESSIVE;
				CLANG_CXX_LANGUAGE_STANDARD = "gnu++14";
				CLANG_CXX_LIBRARY = "libc++";
				CLANG_ENABLE_MODULES = YES;
				CLANG_ENABLE_OBJC_ARC = YES;
				CLANG_ENABLE_OBJC_WEAK = YES;
				CLANG_WARN_BLOCK_CAPTURE_AUTORELEASING = YES;
				CLANG_WARN_BOOL_CONVERSION = YES;
				CLANG_WARN_COMMA = YES;
				CLANG_WARN_CONSTANT_CONVERSION = YES;
				CLANG_WARN_DEPRECATED_OBJC_IMPLEMENTATIONS = YES;
				CLANG_WARN_DIRECT_OBJC_ISA_USAGE = YES_ERROR;
				CLANG_WARN_DOCUMENTATION_COMMENTS = YES;
				CLANG_WARN_EMPTY_BODY = YES;
				CLANG_WARN_ENUM_CONVERSION = YES;
				CLANG_WARN_INFINITE_RECURSION = YES;
				CLANG_WARN_INT_CONVERSION = YES;
				CLANG_WARN_NON_LITERAL_NULL_CONVERSION = YES;
				CLANG_WARN_OBJC_IMPLICIT_RETAIN_SELF = YES;
				CLANG_WARN_OBJC_LITERAL_CONVERSION = YES;
				CLANG_WARN_OBJC_ROOT_CLASS = YES_ERROR;
				CLANG_WARN_RANGE_LOOP_ANALYSIS = YES;
				CLANG_WARN_STRICT_PROTOTYPES = YES;
				CLANG_WARN_SUSPICIOUS_MOVE = YES;
				CLANG_WARN_UNGUARDED_AVAILABILITY = YES_AGGRESSIVE;
				CLANG_WARN_UNREACHABLE_CODE = YES;
				CLANG_WARN__DUPLICATE_METHOD_MATCH = YES;
				COPY_PHASE_STRIP = NO;
				DEBUG_INFORMATION_FORMAT = "dwarf-with-dsym";
				ENABLE_NS_ASSERTIONS = NO;
				ENABLE_STRICT_OBJC_MSGSEND = YES;
				GCC_C_LANGUAGE_STANDARD = gnu11;
				GCC_NO_COMMON_BLOCKS = YES;
				GCC_WARN_64_TO_32_BIT_CONVERSION = YES;
				GCC_WARN_ABOUT_RETURN_TYPE = YES_ERROR;
				GCC_WARN_UNDECLARED_SELECTOR = YES;
				GCC_WARN_UNINITIALIZED_AUTOS = YES_AGGRESSIVE;
				GCC_WARN_UNUSED_FUNCTION = YES;
				GCC_WARN_UNUSED_VARIABLE = YES;
				IPHONEOS_DEPLOYMENT_TARGET = 13.1;
				MTL_ENABLE_DEBUG_INFO = NO;
				MTL_FAST_MATH = YES;
				SDKROOT = iphoneos;
				SWIFT_COMPILATION_MODE = wholemodule;
				SWIFT_OPTIMIZATION_LEVEL = "-O";
				VALIDATE_PRODUCT = YES;
			};
			name = Release;
		};
		1F39F00A236D73570090D611 /* Debug */ = {
			isa = XCBuildConfiguration;
			buildSettings = {
				ASSETCATALOG_COMPILER_APPICON_NAME = AppIcon;
				CODE_SIGN_STYLE = Automatic;
				DEVELOPMENT_TEAM = 68L248M44U;
				INFOPLIST_FILE = "Geppetto-Example/Info.plist";
				LD_RUNPATH_SEARCH_PATHS = (
					"$(inherited)",
					"@executable_path/Frameworks",
				);
				PRODUCT_BUNDLE_IDENTIFIER = "co.geppetto.Geppetto-Example";
				PRODUCT_NAME = "$(TARGET_NAME)";
				SWIFT_VERSION = 5.0;
				TARGETED_DEVICE_FAMILY = "1,2";
			};
			name = Debug;
		};
		1F39F00B236D73570090D611 /* Release */ = {
			isa = XCBuildConfiguration;
			buildSettings = {
				ASSETCATALOG_COMPILER_APPICON_NAME = AppIcon;
				CODE_SIGN_STYLE = Automatic;
				DEVELOPMENT_TEAM = 68L248M44U;
				INFOPLIST_FILE = "Geppetto-Example/Info.plist";
				LD_RUNPATH_SEARCH_PATHS = (
					"$(inherited)",
					"@executable_path/Frameworks",
				);
				PRODUCT_BUNDLE_IDENTIFIER = "co.geppetto.Geppetto-Example";
				PRODUCT_NAME = "$(TARGET_NAME)";
				SWIFT_VERSION = 5.0;
				TARGETED_DEVICE_FAMILY = "1,2";
			};
			name = Release;
		};
/* End XCBuildConfiguration section */

/* Begin XCConfigurationList section */
		1F39EFF0236D73540090D611 /* Build configuration list for PBXProject "Geppetto-Example" */ = {
			isa = XCConfigurationList;
			buildConfigurations = (
				1F39F007236D73570090D611 /* Debug */,
				1F39F008236D73570090D611 /* Release */,
			);
			defaultConfigurationIsVisible = 0;
			defaultConfigurationName = Release;
		};
		1F39F009236D73570090D611 /* Build configuration list for PBXNativeTarget "Geppetto-Example" */ = {
			isa = XCConfigurationList;
			buildConfigurations = (
				1F39F00A236D73570090D611 /* Debug */,
				1F39F00B236D73570090D611 /* Release */,
			);
			defaultConfigurationIsVisible = 0;
			defaultConfigurationName = Release;
		};
/* End XCConfigurationList section */
	};
	rootObject = 1F39EFED236D73540090D611 /* Project object */;
}
